{
    "_readme": [
        "This file locks the dependencies of your project to a known state",
        "Read more about it at https://getcomposer.org/doc/01-basic-usage.md#composer-lock-the-lock-file",
        "This file is @generated automatically"
    ],
    "hash": "d2730e7e36ee80712ad82c659bcc5037",
    "content-hash": "eddde8024ac5a1c433a1f91821f07acb",
    "packages": [
        {
            "name": "pusher/pusher-php-server",
            "version": "3.0.0",
            "source": {
                "type": "git",
                "url": "https://github.com/pusher/pusher-http-php.git",
                "reference": "a013bd4190e12422365e559b309f54ec50cbd0dd"
            },
            "dist": {
                "type": "zip",
                "url": "https://api.github.com/repos/pusher/pusher-http-php/zipball/a013bd4190e12422365e559b309f54ec50cbd0dd",
                "reference": "a013bd4190e12422365e559b309f54ec50cbd0dd",
                "shasum": ""
            },
            "require": {
                "ext-curl": "*",
                "php": "^5.4 || ^7.0"
            },
            "require-dev": {
                "phpunit/phpunit": "^4.8 || ^5.7"
            },
            "type": "library",
            "extra": {
                "branch-alias": {
                    "dev-master": "3.0-dev"
                }
            },
            "autoload": {
                "psr-4": {
                    "Pusher\\": "src/"
                }
            },
            "notification-url": "https://packagist.org/downloads/",
            "license": [
                "MIT"
            ],
            "description": "Library for interacting with the Pusher REST API",
            "keywords": [
                "events",
                "messaging",
                "php-pusher-server",
                "publish",
                "push",
                "pusher",
                "real time",
                "real-time",
                "realtime",
                "rest",
                "trigger"
            ],
            "time": "2017-07-10 09:21:10"
        }
    ],
    "packages-dev": [],
    "aliases": [],
    "minimum-stability": "stable",
    "stability-flags": [],
    "prefer-stable": false,
    "prefer-lowest": false,
    "platform": [],
    "platform-dev": []
}
